
Microsoft Visual Studio Solution File, Format Version 12.00
# Visual Studio Version 17
VisualStudioVersion = 17.8.34330.188
MinimumVisualStudioVersion = 10.0.40219.1
Project("{FAE04EC0-301F-11D3-BF4B-00C04F79EFBC}") = "Authentication", "Authentication\Authentication.csproj", "{96EE36F1-90E6-4AC4-9AC7-CE4484578B8C}"
EndProject
Project("{FAE04EC0-301F-11D3-BF4B-00C04F79EFBC}") = "Authentication.Client", "Authentication.Client\Authentication.Client.csproj", "{49796424-8A98-4621-927A-1001F808C858}"
EndProject
Global
	GlobalSection(SolutionConfigurationPlatforms) = preSolution
		Debug|Any CPU = Debug|Any CPU
		Release|Any CPU = Release|Any CPU
	EndGlobalSection
	GlobalSection(ProjectConfigurationPlatforms) = postSolution
		{96EE36F1-90E6-4AC4-9AC7-CE4484578B8C}.Debug|Any CPU.ActiveCfg = Debug|Any CPU
		{96EE36F1-90E6-4AC4-9AC7-CE4484578B8C}.Debug|Any CPU.Build.0 = Debug|Any CPU
		{96EE36F1-90E6-4AC4-9AC7-CE4484578B8C}.Release|Any CPU.ActiveCfg = Release|Any CPU
		{96EE36F1-90E6-4AC4-9AC7-CE4484578B8C}.Release|Any CPU.Build.0 = Release|Any CPU
		{49796424-8A98-4621-927A-1001F808C858}.Debug|Any CPU.ActiveCfg = Debug|Any CPU
		{49796424-8A98-4621-927A-1001F808C858}.Debug|Any CPU.Build.0 = Debug|Any CPU
		{49796424-8A98-4621-927A-1001F808C858}.Release|Any CPU.ActiveCfg = Release|Any CPU
		{49796424-8A98-4621-927A-1001F808C858}.Release|Any CPU.Build.0 = Release|Any CPU
	EndGlobalSection
	GlobalSection(SolutionProperties) = preSolution
		HideSolutionNode = FALSE
	EndGlobalSection
	GlobalSection(ExtensibilityGlobals) = postSolution
		SolutionGuid = {75234440-FB9C-4C8C-B431-412C81E5DBDB}
	EndGlobalSection
EndGlobal
